{
  "name": "@rmurphey/claude-code-commands",
  "version": "2.0.0",
  "lockfileVersion": 3,
  "requires": true,
  "packages": {
    "": {
      "name": "@rmurphey/claude-code-commands",
      "version": "2.0.0",
      "license": "MIT",
      "bin": {
        "claude-setup": "scripts/setup.js"
      },
      "engines": {
        "node": ">=22.0.0"
      }
    }
  }
}
